// !$*UTF8*$!
{
	archiveVersion = 1;
	classes = {
	};
	objectVersion = 45;
	objects = {

/* Begin PBXBuildFile section */
		AA747D9F0F9514B9006C5449 /* NDVKit_Prefix.pch in Headers */ = {isa = PBXBuildFile; fileRef = AA747D9E0F9514B9006C5449 /* NDVKit_Prefix.pch */; };
		D80F1476127551F200136506 /* CGPath+NDVDebuggingAdditions.h in Headers */ = {isa = PBXBuildFile; fileRef = D80F1474127551F200136506 /* CGPath+NDVDebuggingAdditions.h */; };
		D80F1477127551F200136506 /* CGPath+NDVDebuggingAdditions.m in Sources */ = {isa = PBXBuildFile; fileRef = D80F1475127551F200136506 /* CGPath+NDVDebuggingAdditions.m */; };
		D80F14801275541700136506 /* NDVCGPathBuilder.h in Headers */ = {isa = PBXBuildFile; fileRef = D80F147E1275541700136506 /* NDVCGPathBuilder.h */; };
		D80F14811275541700136506 /* NDVCGPathBuilder.m in Sources */ = {isa = PBXBuildFile; fileRef = D80F147F1275541700136506 /* NDVCGPathBuilder.m */; };
		D80F14A91275672600136506 /* CGPath+NDVSVGAdditions.h in Headers */ = {isa = PBXBuildFile; fileRef = D80F14A71275672600136506 /* CGPath+NDVSVGAdditions.h */; };
		D80F14AA1275672600136506 /* CGPath+NDVSVGAdditions.m.rl in Sources */ = {isa = PBXBuildFile; fileRef = D80F14A81275672600136506 /* CGPath+NDVSVGAdditions.m.rl */; };
		D819A5EE123F388E002150E2 /* crypt.h in Headers */ = {isa = PBXBuildFile; fileRef = D819A5E5123F388E002150E2 /* crypt.h */; };
		D819A5EF123F388E002150E2 /* ioapi.c in Sources */ = {isa = PBXBuildFile; fileRef = D819A5E6123F388E002150E2 /* ioapi.c */; };
		D819A5F0123F388E002150E2 /* ioapi.h in Headers */ = {isa = PBXBuildFile; fileRef = D819A5E7123F388E002150E2 /* ioapi.h */; settings = {ATTRIBUTES = (Public, ); }; };
		D819A5F1123F388E002150E2 /* mztools.c in Sources */ = {isa = PBXBuildFile; fileRef = D819A5E8123F388E002150E2 /* mztools.c */; };
		D819A5F2123F388E002150E2 /* mztools.h in Headers */ = {isa = PBXBuildFile; fileRef = D819A5E9123F388E002150E2 /* mztools.h */; };
		D819A5F3123F388E002150E2 /* unzip.c in Sources */ = {isa = PBXBuildFile; fileRef = D819A5EA123F388E002150E2 /* unzip.c */; };
		D819A5F4123F388E002150E2 /* unzip.h in Headers */ = {isa = PBXBuildFile; fileRef = D819A5EB123F388E002150E2 /* unzip.h */; settings = {ATTRIBUTES = (Public, ); }; };
		D819A5F5123F388E002150E2 /* zip.c in Sources */ = {isa = PBXBuildFile; fileRef = D819A5EC123F388E002150E2 /* zip.c */; };
		D819A5F6123F388E002150E2 /* zip.h in Headers */ = {isa = PBXBuildFile; fileRef = D819A5ED123F388E002150E2 /* zip.h */; };
		D819A611123F3CD0002150E2 /* NDVZipArchive.h in Headers */ = {isa = PBXBuildFile; fileRef = D819A60F123F3CD0002150E2 /* NDVZipArchive.h */; settings = {ATTRIBUTES = (Public, ); }; };
		D819A612123F3CD0002150E2 /* NDVZipArchive.m in Sources */ = {isa = PBXBuildFile; fileRef = D819A610123F3CD0002150E2 /* NDVZipArchive.m */; };
		D8728572124C6D2F00C82359 /* NDVAccessorMacros.h in Headers */ = {isa = PBXBuildFile; fileRef = D8728571124C6D2F00C82359 /* NDVAccessorMacros.h */; settings = {ATTRIBUTES = (Public, ); }; };
		D885D7BF1223A7D300F31913 /* NSDate+NDVCalendarAdditions.h in Headers */ = {isa = PBXBuildFile; fileRef = D885D7BD1223A7D300F31913 /* NSDate+NDVCalendarAdditions.h */; settings = {ATTRIBUTES = (Public, ); }; };
		D885D7C01223A7D300F31913 /* NSDate+NDVCalendarAdditions.m in Sources */ = {isa = PBXBuildFile; fileRef = D885D7BE1223A7D300F31913 /* NSDate+NDVCalendarAdditions.m */; };
		D885D7FC1223B0C100F31913 /* NSDateFormatter+NDVAdditions.h in Headers */ = {isa = PBXBuildFile; fileRef = D885D7FA1223B0C100F31913 /* NSDateFormatter+NDVAdditions.h */; settings = {ATTRIBUTES = (Public, ); }; };
		D885D7FD1223B0C100F31913 /* NSDateFormatter+NDVAdditions.m in Sources */ = {isa = PBXBuildFile; fileRef = D885D7FB1223B0C100F31913 /* NSDateFormatter+NDVAdditions.m */; };
		D885D8041223B1E200F31913 /* NSString+NDVAdditions.h in Headers */ = {isa = PBXBuildFile; fileRef = D885D8021223B1E200F31913 /* NSString+NDVAdditions.h */; settings = {ATTRIBUTES = (Public, ); }; };
		D885D8051223B1E200F31913 /* NSString+NDVAdditions.m in Sources */ = {isa = PBXBuildFile; fileRef = D885D8031223B1E200F31913 /* NSString+NDVAdditions.m */; };
		D885D8161223B55400F31913 /* NSObject+NDVPropertyAdditions.h in Headers */ = {isa = PBXBuildFile; fileRef = D885D8141223B55400F31913 /* NSObject+NDVPropertyAdditions.h */; settings = {ATTRIBUTES = (Public, ); }; };
		D885D8171223B55400F31913 /* NSObject+NDVPropertyAdditions.m in Sources */ = {isa = PBXBuildFile; fileRef = D885D8151223B55400F31913 /* NSObject+NDVPropertyAdditions.m */; };
		D885D8221223B72700F31913 /* UIImage+NDVRoundingAdditions.h in Headers */ = {isa = PBXBuildFile; fileRef = D885D8201223B72700F31913 /* UIImage+NDVRoundingAdditions.h */; settings = {ATTRIBUTES = (Public, ); }; };
		D885D8231223B72700F31913 /* UIImage+NDVRoundingAdditions.m in Sources */ = {isa = PBXBuildFile; fileRef = D885D8211223B72700F31913 /* UIImage+NDVRoundingAdditions.m */; };
		D885D82C1223BC6C00F31913 /* NDVCategories.h in Headers */ = {isa = PBXBuildFile; fileRef = D885D82B1223BC6C00F31913 /* NDVCategories.h */; settings = {ATTRIBUTES = (Public, ); }; };
		D885D8301223BCBA00F31913 /* NDVKit.h in Headers */ = {isa = PBXBuildFile; fileRef = D885D82F1223BCBA00F31913 /* NDVKit.h */; settings = {ATTRIBUTES = (Public, ); }; };
		D885DA491224FAD000F31913 /* UINavigationController+NDVAdditions.h in Headers */ = {isa = PBXBuildFile; fileRef = D885DA471224FAD000F31913 /* UINavigationController+NDVAdditions.h */; settings = {ATTRIBUTES = (Public, ); }; };
		D885DA4A1224FAD000F31913 /* UINavigationController+NDVAdditions.m in Sources */ = {isa = PBXBuildFile; fileRef = D885DA481224FAD000F31913 /* UINavigationController+NDVAdditions.m */; };
		D885DA611224FC6400F31913 /* UIView+NDVAdditions.h in Headers */ = {isa = PBXBuildFile; fileRef = D885DA5F1224FC6400F31913 /* UIView+NDVAdditions.h */; settings = {ATTRIBUTES = (Public, ); }; };
		D885DA621224FC6400F31913 /* UIView+NDVAdditions.m in Sources */ = {isa = PBXBuildFile; fileRef = D885DA601224FC6400F31913 /* UIView+NDVAdditions.m */; };
		D885DA701224FE9600F31913 /* NDVSynthesizeSingletonMacro.h in Headers */ = {isa = PBXBuildFile; fileRef = D885DA6F1224FE9600F31913 /* NDVSynthesizeSingletonMacro.h */; settings = {ATTRIBUTES = (Public, ); }; };
		D885DA741225014300F31913 /* NDVKVOMacros.h in Headers */ = {isa = PBXBuildFile; fileRef = D885DA731225014300F31913 /* NDVKVOMacros.h */; settings = {ATTRIBUTES = (Public, ); }; };
		D885DA7C1225027600F31913 /* NDVDebuggingMacros.h in Headers */ = {isa = PBXBuildFile; fileRef = D885DA7B1225027600F31913 /* NDVDebuggingMacros.h */; settings = {ATTRIBUTES = (Public, ); }; };
		D885DA8F1225059700F31913 /* CAGradientLayer+NDVShadowAdditions.h in Headers */ = {isa = PBXBuildFile; fileRef = D885DA8D1225059700F31913 /* CAGradientLayer+NDVShadowAdditions.h */; settings = {ATTRIBUTES = (Public, ); }; };
		D885DA901225059700F31913 /* CAGradientLayer+NDVShadowAdditions.m in Sources */ = {isa = PBXBuildFile; fileRef = D885DA8E1225059700F31913 /* CAGradientLayer+NDVShadowAdditions.m */; };
		D885DB3E12254F3000F31913 /* CGImage+NDVAdditions.h in Headers */ = {isa = PBXBuildFile; fileRef = D885DB3C12254F3000F31913 /* CGImage+NDVAdditions.h */; settings = {ATTRIBUTES = (Public, ); }; };
		D885DB3F12254F3000F31913 /* CGImage+NDVAdditions.c in Sources */ = {isa = PBXBuildFile; fileRef = D885DB3D12254F3000F31913 /* CGImage+NDVAdditions.c */; };
		D885DBBF1226073400F31913 /* NDVMathMacros.h in Headers */ = {isa = PBXBuildFile; fileRef = D885DBBE1226073400F31913 /* NDVMathMacros.h */; settings = {ATTRIBUTES = (Public, ); }; };
		D885DBF812260B7A00F31913 /* CGGeometry+NDVAdditions.h in Headers */ = {isa = PBXBuildFile; fileRef = D885DBF612260B7A00F31913 /* CGGeometry+NDVAdditions.h */; settings = {ATTRIBUTES = (Public, ); }; };
		D885DBF912260B7A00F31913 /* CGGeometry+NDVAdditions.m in Sources */ = {isa = PBXBuildFile; fileRef = D885DBF712260B7A00F31913 /* CGGeometry+NDVAdditions.m */; };
		D885DC2412260E1B00F31913 /* NSArray+NDVAdditions.h in Headers */ = {isa = PBXBuildFile; fileRef = D885DC2212260E1B00F31913 /* NSArray+NDVAdditions.h */; settings = {ATTRIBUTES = (Public, ); }; };
		D885DC2512260E1B00F31913 /* NSArray+NDVAdditions.m in Sources */ = {isa = PBXBuildFile; fileRef = D885DC2312260E1B00F31913 /* NSArray+NDVAdditions.m */; };
		D885DC431226128700F31913 /* NSData+NDVAdditions.h in Headers */ = {isa = PBXBuildFile; fileRef = D885DC411226128700F31913 /* NSData+NDVAdditions.h */; settings = {ATTRIBUTES = (Public, ); }; };
		D885DC441226128700F31913 /* NSData+NDVAdditions.m in Sources */ = {isa = PBXBuildFile; fileRef = D885DC421226128700F31913 /* NSData+NDVAdditions.m */; };
		D885DCF112261C8600F31913 /* NDVMemoryMangementMacros.h in Headers */ = {isa = PBXBuildFile; fileRef = D885DCF012261C8600F31913 /* NDVMemoryMangementMacros.h */; settings = {ATTRIBUTES = (Public, ); }; };
		D885DD321226280F00F31913 /* NDVShadowedTableView.h in Headers */ = {isa = PBXBuildFile; fileRef = D885DD301226280F00F31913 /* NDVShadowedTableView.h */; settings = {ATTRIBUTES = (Public, ); }; };
		D885DD331226280F00F31913 /* NDVShadowedTableView.m in Sources */ = {isa = PBXBuildFile; fileRef = D885DD311226280F00F31913 /* NDVShadowedTableView.m */; };
		D894A99A1238C43E005941FA /* NSString+NDVTypeEncodingAdditions.h in Headers */ = {isa = PBXBuildFile; fileRef = D894A9981238C43E005941FA /* NSString+NDVTypeEncodingAdditions.h */; settings = {ATTRIBUTES = (Public, ); }; };
		D894A99B1238C43E005941FA /* NSString+NDVTypeEncodingAdditions.m in Sources */ = {isa = PBXBuildFile; fileRef = D894A9991238C43E005941FA /* NSString+NDVTypeEncodingAdditions.m */; };
		D897302D1237284800DFB1E9 /* UIImage+NDVScalingAdditions.h in Headers */ = {isa = PBXBuildFile; fileRef = D897302B1237284800DFB1E9 /* UIImage+NDVScalingAdditions.h */; settings = {ATTRIBUTES = (Public, ); }; };
		D897302E1237284800DFB1E9 /* UIImage+NDVScalingAdditions.m in Sources */ = {isa = PBXBuildFile; fileRef = D897302C1237284800DFB1E9 /* UIImage+NDVScalingAdditions.m */; };
		D89730351237295600DFB1E9 /* UIImage+NDVStretchAdditions.h in Headers */ = {isa = PBXBuildFile; fileRef = D89730331237295600DFB1E9 /* UIImage+NDVStretchAdditions.h */; settings = {ATTRIBUTES = (Public, ); }; };
		D89730361237295600DFB1E9 /* UIImage+NDVStretchAdditions.m in Sources */ = {isa = PBXBuildFile; fileRef = D89730341237295600DFB1E9 /* UIImage+NDVStretchAdditions.m */; };
		D897303912372A3E00DFB1E9 /* UIImage+NDVAlphaAdditions.h in Headers */ = {isa = PBXBuildFile; fileRef = D897303712372A3E00DFB1E9 /* UIImage+NDVAlphaAdditions.h */; settings = {ATTRIBUTES = (Public, ); }; };
		D897303A12372A3E00DFB1E9 /* UIImage+NDVAlphaAdditions.m in Sources */ = {isa = PBXBuildFile; fileRef = D897303812372A3E00DFB1E9 /* UIImage+NDVAlphaAdditions.m */; };
/* End PBXBuildFile section */

/* Begin PBXBuildRule section */
		D80F14B512756A1A00136506 /* PBXBuildRule */ = {
			isa = PBXBuildRule;
			compilerSpec = com.apple.compilers.proxy.script;
			filePatterns = "*.rl";
			fileType = pattern.proxy;
			isEditable = 1;
			outputFiles = (
				"${DERIVED_FILES_DIR}/${INPUT_FILE_BASE}",
			);
			script = "/usr/local/bin/ragel ${INPUT_FILE_PATH} -G2 -o ${DERIVED_FILES_DIR}/${INPUT_FILE_BASE}";
		};
/* End PBXBuildRule section */

/* Begin PBXFileReference section */
		AA747D9E0F9514B9006C5449 /* NDVKit_Prefix.pch */ = {isa = PBXFileReference; fileEncoding = 4; lastKnownFileType = sourcecode.c.h; path = NDVKit_Prefix.pch; sourceTree = SOURCE_ROOT; };
		D2AAC07E0554694100DB518D /* libNDVKit.a */ = {isa = PBXFileReference; explicitFileType = archive.ar; includeInIndex = 0; path = libNDVKit.a; sourceTree = BUILT_PRODUCTS_DIR; };
		D80F1474127551F200136506 /* CGPath+NDVDebuggingAdditions.h */ = {isa = PBXFileReference; fileEncoding = 4; lastKnownFileType = sourcecode.c.h; path = "CGPath+NDVDebuggingAdditions.h"; sourceTree = "<group>"; };
		D80F1475127551F200136506 /* CGPath+NDVDebuggingAdditions.m */ = {isa = PBXFileReference; fileEncoding = 4; lastKnownFileType = sourcecode.c.objc; path = "CGPath+NDVDebuggingAdditions.m"; sourceTree = "<group>"; };
		D80F147E1275541700136506 /* NDVCGPathBuilder.h */ = {isa = PBXFileReference; fileEncoding = 4; lastKnownFileType = sourcecode.c.h; path = NDVCGPathBuilder.h; sourceTree = "<group>"; };
		D80F147F1275541700136506 /* NDVCGPathBuilder.m */ = {isa = PBXFileReference; fileEncoding = 4; lastKnownFileType = sourcecode.c.objc; path = NDVCGPathBuilder.m; sourceTree = "<group>"; };
		D80F14A71275672600136506 /* CGPath+NDVSVGAdditions.h */ = {isa = PBXFileReference; fileEncoding = 4; lastKnownFileType = sourcecode.c.h; path = "CGPath+NDVSVGAdditions.h"; sourceTree = "<group>"; };
		D80F14A81275672600136506 /* CGPath+NDVSVGAdditions.m.rl */ = {isa = PBXFileReference; fileEncoding = 4; lastKnownFileType = text; path = "CGPath+NDVSVGAdditions.m.rl"; sourceTree = "<group>"; };
		D819A5E5123F388E002150E2 /* crypt.h */ = {isa = PBXFileReference; fileEncoding = 4; lastKnownFileType = sourcecode.c.h; name = crypt.h; path = Dependencies/minizip/crypt.h; sourceTree = SOURCE_ROOT; };
		D819A5E6123F388E002150E2 /* ioapi.c */ = {isa = PBXFileReference; fileEncoding = 4; lastKnownFileType = sourcecode.c.c; name = ioapi.c; path = Dependencies/minizip/ioapi.c; sourceTree = SOURCE_ROOT; };
		D819A5E7123F388E002150E2 /* ioapi.h */ = {isa = PBXFileReference; fileEncoding = 4; lastKnownFileType = sourcecode.c.h; name = ioapi.h; path = Dependencies/minizip/ioapi.h; sourceTree = SOURCE_ROOT; };
		D819A5E8123F388E002150E2 /* mztools.c */ = {isa = PBXFileReference; fileEncoding = 4; lastKnownFileType = sourcecode.c.c; name = mztools.c; path = Dependencies/minizip/mztools.c; sourceTree = SOURCE_ROOT; };
		D819A5E9123F388E002150E2 /* mztools.h */ = {isa = PBXFileReference; fileEncoding = 4; lastKnownFileType = sourcecode.c.h; name = mztools.h; path = Dependencies/minizip/mztools.h; sourceTree = SOURCE_ROOT; };
		D819A5EA123F388E002150E2 /* unzip.c */ = {isa = PBXFileReference; fileEncoding = 4; lastKnownFileType = sourcecode.c.c; name = unzip.c; path = Dependencies/minizip/unzip.c; sourceTree = SOURCE_ROOT; };
		D819A5EB123F388E002150E2 /* unzip.h */ = {isa = PBXFileReference; fileEncoding = 4; lastKnownFileType = sourcecode.c.h; name = unzip.h; path = Dependencies/minizip/unzip.h; sourceTree = SOURCE_ROOT; };
		D819A5EC123F388E002150E2 /* zip.c */ = {isa = PBXFileReference; fileEncoding = 4; lastKnownFileType = sourcecode.c.c; name = zip.c; path = Dependencies/minizip/zip.c; sourceTree = SOURCE_ROOT; };
		D819A5ED123F388E002150E2 /* zip.h */ = {isa = PBXFileReference; fileEncoding = 4; lastKnownFileType = sourcecode.c.h; name = zip.h; path = Dependencies/minizip/zip.h; sourceTree = SOURCE_ROOT; };
		D819A60F123F3CD0002150E2 /* NDVZipArchive.h */ = {isa = PBXFileReference; fileEncoding = 4; lastKnownFileType = sourcecode.c.h; path = NDVZipArchive.h; sourceTree = "<group>"; };
		D819A610123F3CD0002150E2 /* NDVZipArchive.m */ = {isa = PBXFileReference; fileEncoding = 4; lastKnownFileType = sourcecode.c.objc; path = NDVZipArchive.m; sourceTree = "<group>"; };
		D8728571124C6D2F00C82359 /* NDVAccessorMacros.h */ = {isa = PBXFileReference; fileEncoding = 4; lastKnownFileType = sourcecode.c.h; path = NDVAccessorMacros.h; sourceTree = "<group>"; };
		D885D7BD1223A7D300F31913 /* NSDate+NDVCalendarAdditions.h */ = {isa = PBXFileReference; fileEncoding = 4; lastKnownFileType = sourcecode.c.h; path = "NSDate+NDVCalendarAdditions.h"; sourceTree = "<group>"; };
		D885D7BE1223A7D300F31913 /* NSDate+NDVCalendarAdditions.m */ = {isa = PBXFileReference; fileEncoding = 4; lastKnownFileType = sourcecode.c.objc; path = "NSDate+NDVCalendarAdditions.m"; sourceTree = "<group>"; };
		D885D7FA1223B0C100F31913 /* NSDateFormatter+NDVAdditions.h */ = {isa = PBXFileReference; fileEncoding = 4; lastKnownFileType = sourcecode.c.h; path = "NSDateFormatter+NDVAdditions.h"; sourceTree = "<group>"; };
		D885D7FB1223B0C100F31913 /* NSDateFormatter+NDVAdditions.m */ = {isa = PBXFileReference; fileEncoding = 4; lastKnownFileType = sourcecode.c.objc; path = "NSDateFormatter+NDVAdditions.m"; sourceTree = "<group>"; };
		D885D8021223B1E200F31913 /* NSString+NDVAdditions.h */ = {isa = PBXFileReference; fileEncoding = 4; lastKnownFileType = sourcecode.c.h; path = "NSString+NDVAdditions.h"; sourceTree = "<group>"; };
		D885D8031223B1E200F31913 /* NSString+NDVAdditions.m */ = {isa = PBXFileReference; fileEncoding = 4; lastKnownFileType = sourcecode.c.objc; path = "NSString+NDVAdditions.m"; sourceTree = "<group>"; };
		D885D8141223B55400F31913 /* NSObject+NDVPropertyAdditions.h */ = {isa = PBXFileReference; fileEncoding = 4; lastKnownFileType = sourcecode.c.h; path = "NSObject+NDVPropertyAdditions.h"; sourceTree = "<group>"; };
		D885D8151223B55400F31913 /* NSObject+NDVPropertyAdditions.m */ = {isa = PBXFileReference; fileEncoding = 4; lastKnownFileType = sourcecode.c.objc; path = "NSObject+NDVPropertyAdditions.m"; sourceTree = "<group>"; };
		D885D8201223B72700F31913 /* UIImage+NDVRoundingAdditions.h */ = {isa = PBXFileReference; fileEncoding = 4; lastKnownFileType = sourcecode.c.h; path = "UIImage+NDVRoundingAdditions.h"; sourceTree = "<group>"; };
		D885D8211223B72700F31913 /* UIImage+NDVRoundingAdditions.m */ = {isa = PBXFileReference; fileEncoding = 4; lastKnownFileType = sourcecode.c.objc; path = "UIImage+NDVRoundingAdditions.m"; sourceTree = "<group>"; };
		D885D82B1223BC6C00F31913 /* NDVCategories.h */ = {isa = PBXFileReference; fileEncoding = 4; lastKnownFileType = sourcecode.c.h; path = NDVCategories.h; sourceTree = "<group>"; };
		D885D82F1223BCBA00F31913 /* NDVKit.h */ = {isa = PBXFileReference; fileEncoding = 4; lastKnownFileType = sourcecode.c.h; path = NDVKit.h; sourceTree = "<group>"; };
		D885D94C1224EE6300F31913 /* Build-Debug.xcconfig */ = {isa = PBXFileReference; fileEncoding = 4; lastKnownFileType = text.xcconfig; path = "Build-Debug.xcconfig"; sourceTree = "<group>"; };
		D885D94D1224EE6300F31913 /* Build-Release.xcconfig */ = {isa = PBXFileReference; fileEncoding = 4; lastKnownFileType = text.xcconfig; path = "Build-Release.xcconfig"; sourceTree = "<group>"; };
		D885D94E1224EE6300F31913 /* Build-Shared.xcconfig */ = {isa = PBXFileReference; fileEncoding = 4; lastKnownFileType = text.xcconfig; path = "Build-Shared.xcconfig"; sourceTree = "<group>"; };
		D885DA471224FAD000F31913 /* UINavigationController+NDVAdditions.h */ = {isa = PBXFileReference; fileEncoding = 4; lastKnownFileType = sourcecode.c.h; path = "UINavigationController+NDVAdditions.h"; sourceTree = "<group>"; };
		D885DA481224FAD000F31913 /* UINavigationController+NDVAdditions.m */ = {isa = PBXFileReference; fileEncoding = 4; lastKnownFileType = sourcecode.c.objc; path = "UINavigationController+NDVAdditions.m"; sourceTree = "<group>"; };
		D885DA5F1224FC6400F31913 /* UIView+NDVAdditions.h */ = {isa = PBXFileReference; fileEncoding = 4; lastKnownFileType = sourcecode.c.h; path = "UIView+NDVAdditions.h"; sourceTree = "<group>"; };
		D885DA601224FC6400F31913 /* UIView+NDVAdditions.m */ = {isa = PBXFileReference; fileEncoding = 4; lastKnownFileType = sourcecode.c.objc; path = "UIView+NDVAdditions.m"; sourceTree = "<group>"; };
		D885DA6F1224FE9600F31913 /* NDVSynthesizeSingletonMacro.h */ = {isa = PBXFileReference; fileEncoding = 4; lastKnownFileType = sourcecode.c.h; path = NDVSynthesizeSingletonMacro.h; sourceTree = "<group>"; };
		D885DA731225014300F31913 /* NDVKVOMacros.h */ = {isa = PBXFileReference; fileEncoding = 4; lastKnownFileType = sourcecode.c.h; path = NDVKVOMacros.h; sourceTree = "<group>"; };
		D885DA7B1225027600F31913 /* NDVDebuggingMacros.h */ = {isa = PBXFileReference; fileEncoding = 4; lastKnownFileType = sourcecode.c.h; path = NDVDebuggingMacros.h; sourceTree = "<group>"; };
		D885DA8D1225059700F31913 /* CAGradientLayer+NDVShadowAdditions.h */ = {isa = PBXFileReference; fileEncoding = 4; lastKnownFileType = sourcecode.c.h; path = "CAGradientLayer+NDVShadowAdditions.h"; sourceTree = "<group>"; };
		D885DA8E1225059700F31913 /* CAGradientLayer+NDVShadowAdditions.m */ = {isa = PBXFileReference; fileEncoding = 4; lastKnownFileType = sourcecode.c.objc; path = "CAGradientLayer+NDVShadowAdditions.m"; sourceTree = "<group>"; };
		D885DB3C12254F3000F31913 /* CGImage+NDVAdditions.h */ = {isa = PBXFileReference; fileEncoding = 4; lastKnownFileType = sourcecode.c.h; path = "CGImage+NDVAdditions.h"; sourceTree = "<group>"; };
		D885DB3D12254F3000F31913 /* CGImage+NDVAdditions.c */ = {isa = PBXFileReference; fileEncoding = 4; lastKnownFileType = sourcecode.c.c; path = "CGImage+NDVAdditions.c"; sourceTree = "<group>"; };
		D885DBBE1226073400F31913 /* NDVMathMacros.h */ = {isa = PBXFileReference; fileEncoding = 4; lastKnownFileType = sourcecode.c.h; path = NDVMathMacros.h; sourceTree = "<group>"; };
		D885DBF612260B7A00F31913 /* CGGeometry+NDVAdditions.h */ = {isa = PBXFileReference; fileEncoding = 4; lastKnownFileType = sourcecode.c.h; path = "CGGeometry+NDVAdditions.h"; sourceTree = "<group>"; };
		D885DBF712260B7A00F31913 /* CGGeometry+NDVAdditions.m */ = {isa = PBXFileReference; fileEncoding = 4; lastKnownFileType = sourcecode.c.objc; path = "CGGeometry+NDVAdditions.m"; sourceTree = "<group>"; };
		D885DC2212260E1B00F31913 /* NSArray+NDVAdditions.h */ = {isa = PBXFileReference; fileEncoding = 4; lastKnownFileType = sourcecode.c.h; path = "NSArray+NDVAdditions.h"; sourceTree = "<group>"; };
		D885DC2312260E1B00F31913 /* NSArray+NDVAdditions.m */ = {isa = PBXFileReference; fileEncoding = 4; lastKnownFileType = sourcecode.c.objc; path = "NSArray+NDVAdditions.m"; sourceTree = "<group>"; };
		D885DC411226128700F31913 /* NSData+NDVAdditions.h */ = {isa = PBXFileReference; fileEncoding = 4; lastKnownFileType = sourcecode.c.h; path = "NSData+NDVAdditions.h"; sourceTree = "<group>"; };
		D885DC421226128700F31913 /* NSData+NDVAdditions.m */ = {isa = PBXFileReference; fileEncoding = 4; lastKnownFileType = sourcecode.c.objc; path = "NSData+NDVAdditions.m"; sourceTree = "<group>"; };
		D885DC8D1226175500F31913 /* bezier-utils.cpp */ = {isa = PBXFileReference; fileEncoding = 4; lastKnownFileType = sourcecode.cpp.cpp; name = "bezier-utils.cpp"; path = "Dependencies/inkscsape-curvefit/bezier-utils.cpp"; sourceTree = SOURCE_ROOT; };
		D885DC8E1226175500F31913 /* bezier-utils.h */ = {isa = PBXFileReference; fileEncoding = 4; lastKnownFileType = sourcecode.c.h; name = "bezier-utils.h"; path = "Dependencies/inkscsape-curvefit/bezier-utils.h"; sourceTree = SOURCE_ROOT; };
		D885DC8F1226175500F31913 /* coord.h */ = {isa = PBXFileReference; fileEncoding = 4; lastKnownFileType = sourcecode.c.h; name = coord.h; path = "Dependencies/inkscsape-curvefit/coord.h"; sourceTree = SOURCE_ROOT; };
		D885DC921226175500F31913 /* isnan.h */ = {isa = PBXFileReference; fileEncoding = 4; lastKnownFileType = sourcecode.c.h; name = isnan.h; path = "Dependencies/inkscsape-curvefit/isnan.h"; sourceTree = SOURCE_ROOT; };
		D885DC931226175500F31913 /* macros.h */ = {isa = PBXFileReference; fileEncoding = 4; lastKnownFileType = sourcecode.c.h; name = macros.h; path = "Dependencies/inkscsape-curvefit/macros.h"; sourceTree = SOURCE_ROOT; };
		D885DC941226175500F31913 /* math-utils.h */ = {isa = PBXFileReference; fileEncoding = 4; lastKnownFileType = sourcecode.c.h; name = "math-utils.h"; path = "Dependencies/inkscsape-curvefit/math-utils.h"; sourceTree = SOURCE_ROOT; };
		D885DC951226175500F31913 /* matrix.cpp */ = {isa = PBXFileReference; fileEncoding = 4; lastKnownFileType = sourcecode.cpp.cpp; name = matrix.cpp; path = "Dependencies/inkscsape-curvefit/matrix.cpp"; sourceTree = SOURCE_ROOT; };
		D885DC961226175500F31913 /* matrix.h */ = {isa = PBXFileReference; fileEncoding = 4; lastKnownFileType = sourcecode.c.h; name = matrix.h; path = "Dependencies/inkscsape-curvefit/matrix.h"; sourceTree = SOURCE_ROOT; };
		D885DC971226175500F31913 /* point.cpp */ = {isa = PBXFileReference; fileEncoding = 4; lastKnownFileType = sourcecode.cpp.cpp; name = point.cpp; path = "Dependencies/inkscsape-curvefit/point.cpp"; sourceTree = SOURCE_ROOT; };
		D885DC981226175500F31913 /* point.h */ = {isa = PBXFileReference; fileEncoding = 4; lastKnownFileType = sourcecode.c.h; name = point.h; path = "Dependencies/inkscsape-curvefit/point.h"; sourceTree = SOURCE_ROOT; };
		D885DC991226175500F31913 /* rotate.cpp */ = {isa = PBXFileReference; fileEncoding = 4; lastKnownFileType = sourcecode.cpp.cpp; name = rotate.cpp; path = "Dependencies/inkscsape-curvefit/rotate.cpp"; sourceTree = SOURCE_ROOT; };
		D885DC9A1226175500F31913 /* rotate.h */ = {isa = PBXFileReference; fileEncoding = 4; lastKnownFileType = sourcecode.c.h; name = rotate.h; path = "Dependencies/inkscsape-curvefit/rotate.h"; sourceTree = SOURCE_ROOT; };
		D885DC9B1226175500F31913 /* scale.h */ = {isa = PBXFileReference; fileEncoding = 4; lastKnownFileType = sourcecode.c.h; name = scale.h; path = "Dependencies/inkscsape-curvefit/scale.h"; sourceTree = SOURCE_ROOT; };
		D885DC9C1226175500F31913 /* transforms.cpp */ = {isa = PBXFileReference; fileEncoding = 4; lastKnownFileType = sourcecode.cpp.cpp; name = transforms.cpp; path = "Dependencies/inkscsape-curvefit/transforms.cpp"; sourceTree = SOURCE_ROOT; };
		D885DC9D1226175500F31913 /* transforms.h */ = {isa = PBXFileReference; fileEncoding = 4; lastKnownFileType = sourcecode.c.h; name = transforms.h; path = "Dependencies/inkscsape-curvefit/transforms.h"; sourceTree = SOURCE_ROOT; };
		D885DC9E1226175500F31913 /* translate.h */ = {isa = PBXFileReference; fileEncoding = 4; lastKnownFileType = sourcecode.c.h; name = translate.h; path = "Dependencies/inkscsape-curvefit/translate.h"; sourceTree = SOURCE_ROOT; };
		D885DCB4122617BD00F31913 /* CGPath+NDVCurveFitAdditions.h */ = {isa = PBXFileReference; fileEncoding = 4; lastKnownFileType = sourcecode.c.h; path = "CGPath+NDVCurveFitAdditions.h"; sourceTree = "<group>"; };
		D885DCB5122617BD00F31913 /* CGPath+NDVCurveFitAdditions.mm */ = {isa = PBXFileReference; fileEncoding = 4; lastKnownFileType = sourcecode.cpp.objcpp; path = "CGPath+NDVCurveFitAdditions.mm"; sourceTree = "<group>"; };
		D885DCF012261C8600F31913 /* NDVMemoryMangementMacros.h */ = {isa = PBXFileReference; fileEncoding = 4; lastKnownFileType = sourcecode.c.h; path = NDVMemoryMangementMacros.h; sourceTree = "<group>"; };
		D885DD301226280F00F31913 /* NDVShadowedTableView.h */ = {isa = PBXFileReference; fileEncoding = 4; lastKnownFileType = sourcecode.c.h; path = NDVShadowedTableView.h; sourceTree = "<group>"; };
		D885DD311226280F00F31913 /* NDVShadowedTableView.m */ = {isa = PBXFileReference; fileEncoding = 4; lastKnownFileType = sourcecode.c.objc; path = NDVShadowedTableView.m; sourceTree = "<group>"; };
		D894A9981238C43E005941FA /* NSString+NDVTypeEncodingAdditions.h */ = {isa = PBXFileReference; fileEncoding = 4; lastKnownFileType = sourcecode.c.h; path = "NSString+NDVTypeEncodingAdditions.h"; sourceTree = "<group>"; };
		D894A9991238C43E005941FA /* NSString+NDVTypeEncodingAdditions.m */ = {isa = PBXFileReference; fileEncoding = 4; lastKnownFileType = sourcecode.c.objc; path = "NSString+NDVTypeEncodingAdditions.m"; sourceTree = "<group>"; };
		D897302B1237284800DFB1E9 /* UIImage+NDVScalingAdditions.h */ = {isa = PBXFileReference; fileEncoding = 4; lastKnownFileType = sourcecode.c.h; path = "UIImage+NDVScalingAdditions.h"; sourceTree = "<group>"; };
		D897302C1237284800DFB1E9 /* UIImage+NDVScalingAdditions.m */ = {isa = PBXFileReference; fileEncoding = 4; lastKnownFileType = sourcecode.c.objc; path = "UIImage+NDVScalingAdditions.m"; sourceTree = "<group>"; };
		D89730331237295600DFB1E9 /* UIImage+NDVStretchAdditions.h */ = {isa = PBXFileReference; fileEncoding = 4; lastKnownFileType = sourcecode.c.h; path = "UIImage+NDVStretchAdditions.h"; sourceTree = "<group>"; };
		D89730341237295600DFB1E9 /* UIImage+NDVStretchAdditions.m */ = {isa = PBXFileReference; fileEncoding = 4; lastKnownFileType = sourcecode.c.objc; path = "UIImage+NDVStretchAdditions.m"; sourceTree = "<group>"; };
		D897303712372A3E00DFB1E9 /* UIImage+NDVAlphaAdditions.h */ = {isa = PBXFileReference; fileEncoding = 4; lastKnownFileType = sourcecode.c.h; path = "UIImage+NDVAlphaAdditions.h"; sourceTree = "<group>"; };
		D897303812372A3E00DFB1E9 /* UIImage+NDVAlphaAdditions.m */ = {isa = PBXFileReference; fileEncoding = 4; lastKnownFileType = sourcecode.c.objc; path = "UIImage+NDVAlphaAdditions.m"; sourceTree = "<group>"; };
/* End PBXFileReference section */

/* Begin PBXFrameworksBuildPhase section */
		D2AAC07C0554694100DB518D /* Frameworks */ = {
			isa = PBXFrameworksBuildPhase;
			buildActionMask = 2147483647;
			files = (
			);
			runOnlyForDeploymentPostprocessing = 0;
		};
/* End PBXFrameworksBuildPhase section */

/* Begin PBXGroup section */
		034768DFFF38A50411DB9C8B /* Products */ = {
			isa = PBXGroup;
			children = (
				D2AAC07E0554694100DB518D /* libNDVKit.a */,
			);
			name = Products;
			sourceTree = "<group>";
		};
		0867D691FE84028FC02AAC07 /* NDVKit */ = {
			isa = PBXGroup;
			children = (
				08FB77AEFE84172EC02AAC07 /* Classes */,
				32C88DFF0371C24200C91783 /* Other Sources */,
				034768DFFF38A50411DB9C8B /* Products */,
				D885D94B1224EE4100F31913 /* Build Configurations */,
			);
			name = NDVKit;
			sourceTree = "<group>";
		};
		08FB77AEFE84172EC02AAC07 /* Classes */ = {
			isa = PBXGroup;
			children = (
				D885D82F1223BCBA00F31913 /* NDVKit.h */,
				D885DD2C122627F800F31913 /* UIViews */,
				D885D82A1223BC4700F31913 /* Categories */,
				D885DBB3122605AB00F31913 /* Miscellaneous */,
				D885DC7C1226170D00F31913 /* Dependencies */,
			);
			path = Classes;
			sourceTree = "<group>";
		};
		32C88DFF0371C24200C91783 /* Other Sources */ = {
			isa = PBXGroup;
			children = (
				AA747D9E0F9514B9006C5449 /* NDVKit_Prefix.pch */,
			);
			name = "Other Sources";
			sourceTree = "<group>";
		};
		D819A5DD123F386E002150E2 /* minizip */ = {
			isa = PBXGroup;
			children = (
				D819A5E5123F388E002150E2 /* crypt.h */,
				D819A5E6123F388E002150E2 /* ioapi.c */,
				D819A5E7123F388E002150E2 /* ioapi.h */,
				D819A5E8123F388E002150E2 /* mztools.c */,
				D819A5E9123F388E002150E2 /* mztools.h */,
				D819A5EA123F388E002150E2 /* unzip.c */,
				D819A5EB123F388E002150E2 /* unzip.h */,
				D819A5EC123F388E002150E2 /* zip.c */,
				D819A5ED123F388E002150E2 /* zip.h */,
			);
			name = minizip;
			sourceTree = "<group>";
		};
		D885D82A1223BC4700F31913 /* Categories */ = {
			isa = PBXGroup;
			children = (
				D885D82B1223BC6C00F31913 /* NDVCategories.h */,
				D885DB4D12254FFE00F31913 /* CoreGraphics */,
				D885DA951225066B00F31913 /* Foundation */,
				D885DA961225068000F31913 /* UIKit */,
				D885DAD9122507CB00F31913 /* QuartzCore */,
			);
			name = Categories;
			sourceTree = "<group>";
		};
		D885D94B1224EE4100F31913 /* Build Configurations */ = {
			isa = PBXGroup;
			children = (
				D885D94C1224EE6300F31913 /* Build-Debug.xcconfig */,
				D885D94D1224EE6300F31913 /* Build-Release.xcconfig */,
				D885D94E1224EE6300F31913 /* Build-Shared.xcconfig */,
			);
			name = "Build Configurations";
			sourceTree = "<group>";
		};
		D885DA951225066B00F31913 /* Foundation */ = {
			isa = PBXGroup;
			children = (
				D885DC2212260E1B00F31913 /* NSArray+NDVAdditions.h */,
				D885DC2312260E1B00F31913 /* NSArray+NDVAdditions.m */,
				D885DC411226128700F31913 /* NSData+NDVAdditions.h */,
				D885DC421226128700F31913 /* NSData+NDVAdditions.m */,
				D885D7BD1223A7D300F31913 /* NSDate+NDVCalendarAdditions.h */,
				D885D7BE1223A7D300F31913 /* NSDate+NDVCalendarAdditions.m */,
				D885D7FA1223B0C100F31913 /* NSDateFormatter+NDVAdditions.h */,
				D885D7FB1223B0C100F31913 /* NSDateFormatter+NDVAdditions.m */,
				D885D8141223B55400F31913 /* NSObject+NDVPropertyAdditions.h */,
				D885D8151223B55400F31913 /* NSObject+NDVPropertyAdditions.m */,
				D885D8021223B1E200F31913 /* NSString+NDVAdditions.h */,
				D885D8031223B1E200F31913 /* NSString+NDVAdditions.m */,
				D894A9981238C43E005941FA /* NSString+NDVTypeEncodingAdditions.h */,
				D894A9991238C43E005941FA /* NSString+NDVTypeEncodingAdditions.m */,
			);
			name = Foundation;
			sourceTree = "<group>";
		};
		D885DA961225068000F31913 /* UIKit */ = {
			isa = PBXGroup;
			children = (
				D897303712372A3E00DFB1E9 /* UIImage+NDVAlphaAdditions.h */,
				D897303812372A3E00DFB1E9 /* UIImage+NDVAlphaAdditions.m */,
				D885D8201223B72700F31913 /* UIImage+NDVRoundingAdditions.h */,
				D885D8211223B72700F31913 /* UIImage+NDVRoundingAdditions.m */,
				D897302B1237284800DFB1E9 /* UIImage+NDVScalingAdditions.h */,
				D897302C1237284800DFB1E9 /* UIImage+NDVScalingAdditions.m */,
				D89730331237295600DFB1E9 /* UIImage+NDVStretchAdditions.h */,
				D89730341237295600DFB1E9 /* UIImage+NDVStretchAdditions.m */,
				D885DA471224FAD000F31913 /* UINavigationController+NDVAdditions.h */,
				D885DA481224FAD000F31913 /* UINavigationController+NDVAdditions.m */,
				D885DA5F1224FC6400F31913 /* UIView+NDVAdditions.h */,
				D885DA601224FC6400F31913 /* UIView+NDVAdditions.m */,
			);
			name = UIKit;
			sourceTree = "<group>";
		};
		D885DAD9122507CB00F31913 /* QuartzCore */ = {
			isa = PBXGroup;
			children = (
				D885DA8D1225059700F31913 /* CAGradientLayer+NDVShadowAdditions.h */,
				D885DA8E1225059700F31913 /* CAGradientLayer+NDVShadowAdditions.m */,
			);
			name = QuartzCore;
			sourceTree = "<group>";
		};
		D885DB4D12254FFE00F31913 /* CoreGraphics */ = {
			isa = PBXGroup;
			children = (
				D885DBF612260B7A00F31913 /* CGGeometry+NDVAdditions.h */,
				D885DBF712260B7A00F31913 /* CGGeometry+NDVAdditions.m */,
				D885DB3D12254F3000F31913 /* CGImage+NDVAdditions.c */,
				D885DB3C12254F3000F31913 /* CGImage+NDVAdditions.h */,
				D885DCB4122617BD00F31913 /* CGPath+NDVCurveFitAdditions.h */,
				D885DCB5122617BD00F31913 /* CGPath+NDVCurveFitAdditions.mm */,
				D80F1474127551F200136506 /* CGPath+NDVDebuggingAdditions.h */,
				D80F1475127551F200136506 /* CGPath+NDVDebuggingAdditions.m */,
				D80F14A71275672600136506 /* CGPath+NDVSVGAdditions.h */,
				D80F14A81275672600136506 /* CGPath+NDVSVGAdditions.m.rl */,
				D80F147E1275541700136506 /* NDVCGPathBuilder.h */,
				D80F147F1275541700136506 /* NDVCGPathBuilder.m */,
			);
			name = CoreGraphics;
			sourceTree = "<group>";
		};
		D885DBB3122605AB00F31913 /* Miscellaneous */ = {
			isa = PBXGroup;
			children = (
				D885DA7B1225027600F31913 /* NDVDebuggingMacros.h */,
				D885DA731225014300F31913 /* NDVKVOMacros.h */,
				D885DBBE1226073400F31913 /* NDVMathMacros.h */,
				D885DA6F1224FE9600F31913 /* NDVSynthesizeSingletonMacro.h */,
				D885DCF012261C8600F31913 /* NDVMemoryMangementMacros.h */,
				D819A60F123F3CD0002150E2 /* NDVZipArchive.h */,
				D819A610123F3CD0002150E2 /* NDVZipArchive.m */,
				D8728571124C6D2F00C82359 /* NDVAccessorMacros.h */,
			);
			name = Miscellaneous;
			sourceTree = "<group>";
		};
		D885DC7C1226170D00F31913 /* Dependencies */ = {
			isa = PBXGroup;
			children = (
				D819A5DD123F386E002150E2 /* minizip */,
				D885DC7E1226172A00F31913 /* Inkscape-Curvefit */,
			);
			name = Dependencies;
			sourceTree = "<group>";
		};
		D885DC7E1226172A00F31913 /* Inkscape-Curvefit */ = {
			isa = PBXGroup;
			children = (
				D885DC8D1226175500F31913 /* bezier-utils.cpp */,
				D885DC8E1226175500F31913 /* bezier-utils.h */,
				D885DC8F1226175500F31913 /* coord.h */,
				D885DC921226175500F31913 /* isnan.h */,
				D885DC931226175500F31913 /* macros.h */,
				D885DC941226175500F31913 /* math-utils.h */,
				D885DC951226175500F31913 /* matrix.cpp */,
				D885DC961226175500F31913 /* matrix.h */,
				D885DC971226175500F31913 /* point.cpp */,
				D885DC981226175500F31913 /* point.h */,
				D885DC991226175500F31913 /* rotate.cpp */,
				D885DC9A1226175500F31913 /* rotate.h */,
				D885DC9B1226175500F31913 /* scale.h */,
				D885DC9C1226175500F31913 /* transforms.cpp */,
				D885DC9D1226175500F31913 /* transforms.h */,
				D885DC9E1226175500F31913 /* translate.h */,
			);
			name = "Inkscape-Curvefit";
			sourceTree = "<group>";
		};
		D885DD2C122627F800F31913 /* UIViews */ = {
			isa = PBXGroup;
			children = (
				D885DD301226280F00F31913 /* NDVShadowedTableView.h */,
				D885DD311226280F00F31913 /* NDVShadowedTableView.m */,
			);
			name = UIViews;
			sourceTree = "<group>";
		};
/* End PBXGroup section */

/* Begin PBXHeadersBuildPhase section */
		D2AAC07A0554694100DB518D /* Headers */ = {
			isa = PBXHeadersBuildPhase;
			buildActionMask = 2147483647;
			files = (
				AA747D9F0F9514B9006C5449 /* NDVKit_Prefix.pch in Headers */,
				D885D7BF1223A7D300F31913 /* NSDate+NDVCalendarAdditions.h in Headers */,
				D885D7FC1223B0C100F31913 /* NSDateFormatter+NDVAdditions.h in Headers */,
				D885D8041223B1E200F31913 /* NSString+NDVAdditions.h in Headers */,
				D885D8161223B55400F31913 /* NSObject+NDVPropertyAdditions.h in Headers */,
				D885D8221223B72700F31913 /* UIImage+NDVRoundingAdditions.h in Headers */,
				D885D82C1223BC6C00F31913 /* NDVCategories.h in Headers */,
				D885D8301223BCBA00F31913 /* NDVKit.h in Headers */,
				D885DA491224FAD000F31913 /* UINavigationController+NDVAdditions.h in Headers */,
				D885DA611224FC6400F31913 /* UIView+NDVAdditions.h in Headers */,
				D885DA701224FE9600F31913 /* NDVSynthesizeSingletonMacro.h in Headers */,
				D885DA741225014300F31913 /* NDVKVOMacros.h in Headers */,
				D885DA7C1225027600F31913 /* NDVDebuggingMacros.h in Headers */,
				D885DA8F1225059700F31913 /* CAGradientLayer+NDVShadowAdditions.h in Headers */,
				D885DB3E12254F3000F31913 /* CGImage+NDVAdditions.h in Headers */,
				D885DBBF1226073400F31913 /* NDVMathMacros.h in Headers */,
				D885DBF812260B7A00F31913 /* CGGeometry+NDVAdditions.h in Headers */,
				D885DC2412260E1B00F31913 /* NSArray+NDVAdditions.h in Headers */,
				D885DC431226128700F31913 /* NSData+NDVAdditions.h in Headers */,
				D885DCF112261C8600F31913 /* NDVMemoryMangementMacros.h in Headers */,
				D885DD321226280F00F31913 /* NDVShadowedTableView.h in Headers */,
				D897302D1237284800DFB1E9 /* UIImage+NDVScalingAdditions.h in Headers */,
				D89730351237295600DFB1E9 /* UIImage+NDVStretchAdditions.h in Headers */,
				D897303912372A3E00DFB1E9 /* UIImage+NDVAlphaAdditions.h in Headers */,
				D894A99A1238C43E005941FA /* NSString+NDVTypeEncodingAdditions.h in Headers */,
				D819A5EE123F388E002150E2 /* crypt.h in Headers */,
				D819A5F0123F388E002150E2 /* ioapi.h in Headers */,
				D819A5F2123F388E002150E2 /* mztools.h in Headers */,
				D819A5F4123F388E002150E2 /* unzip.h in Headers */,
				D819A5F6123F388E002150E2 /* zip.h in Headers */,
				D819A611123F3CD0002150E2 /* NDVZipArchive.h in Headers */,
				D8728572124C6D2F00C82359 /* NDVAccessorMacros.h in Headers */,
				D80F1476127551F200136506 /* CGPath+NDVDebuggingAdditions.h in Headers */,
				D80F14801275541700136506 /* NDVCGPathBuilder.h in Headers */,
				D80F14A91275672600136506 /* CGPath+NDVSVGAdditions.h in Headers */,
			);
			runOnlyForDeploymentPostprocessing = 0;
		};
/* End PBXHeadersBuildPhase section */

/* Begin PBXNativeTarget section */
		D2AAC07D0554694100DB518D /* NDVKit */ = {
			isa = PBXNativeTarget;
			buildConfigurationList = 1DEB921E08733DC00010E9CD /* Build configuration list for PBXNativeTarget "NDVKit" */;
			buildPhases = (
				D2AAC07A0554694100DB518D /* Headers */,
				D2AAC07B0554694100DB518D /* Sources */,
				D2AAC07C0554694100DB518D /* Frameworks */,
			);
			buildRules = (
				D80F14B512756A1A00136506 /* PBXBuildRule */,
			);
			dependencies = (
			);
			name = NDVKit;
			productName = NDVKit;
			productReference = D2AAC07E0554694100DB518D /* libNDVKit.a */;
			productType = "com.apple.product-type.library.static";
		};
/* End PBXNativeTarget section */

/* Begin PBXProject section */
		0867D690FE84028FC02AAC07 /* Project object */ = {
			isa = PBXProject;
			buildConfigurationList = 1DEB922208733DC00010E9CD /* Build configuration list for PBXProject "NDVKit" */;
			compatibilityVersion = "Xcode 3.1";
			developmentRegion = English;
			hasScannedForEncodings = 1;
			knownRegions = (
				English,
				Japanese,
				French,
				German,
			);
			mainGroup = 0867D691FE84028FC02AAC07 /* NDVKit */;
			productRefGroup = 034768DFFF38A50411DB9C8B /* Products */;
			projectDirPath = "";
			projectRoot = "";
			targets = (
				D2AAC07D0554694100DB518D /* NDVKit */,
			);
		};
/* End PBXProject section */

/* Begin PBXSourcesBuildPhase section */
		D2AAC07B0554694100DB518D /* Sources */ = {
			isa = PBXSourcesBuildPhase;
			buildActionMask = 2147483647;
			files = (
				D885D7C01223A7D300F31913 /* NSDate+NDVCalendarAdditions.m in Sources */,
				D885D7FD1223B0C100F31913 /* NSDateFormatter+NDVAdditions.m in Sources */,
				D885D8051223B1E200F31913 /* NSString+NDVAdditions.m in Sources */,
				D885D8171223B55400F31913 /* NSObject+NDVPropertyAdditions.m in Sources */,
				D885D8231223B72700F31913 /* UIImage+NDVRoundingAdditions.m in Sources */,
				D885DA4A1224FAD000F31913 /* UINavigationController+NDVAdditions.m in Sources */,
				D885DA621224FC6400F31913 /* UIView+NDVAdditions.m in Sources */,
				D885DA901225059700F31913 /* CAGradientLayer+NDVShadowAdditions.m in Sources */,
				D885DB3F12254F3000F31913 /* CGImage+NDVAdditions.c in Sources */,
				D885DBF912260B7A00F31913 /* CGGeometry+NDVAdditions.m in Sources */,
				D885DC2512260E1B00F31913 /* NSArray+NDVAdditions.m in Sources */,
				D885DC441226128700F31913 /* NSData+NDVAdditions.m in Sources */,
				D885DD331226280F00F31913 /* NDVShadowedTableView.m in Sources */,
				D897302E1237284800DFB1E9 /* UIImage+NDVScalingAdditions.m in Sources */,
				D89730361237295600DFB1E9 /* UIImage+NDVStretchAdditions.m in Sources */,
				D897303A12372A3E00DFB1E9 /* UIImage+NDVAlphaAdditions.m in Sources */,
				D894A99B1238C43E005941FA /* NSString+NDVTypeEncodingAdditions.m in Sources */,
				D819A5EF123F388E002150E2 /* ioapi.c in Sources */,
				D819A5F1123F388E002150E2 /* mztools.c in Sources */,
				D819A5F3123F388E002150E2 /* unzip.c in Sources */,
				D819A5F5123F388E002150E2 /* zip.c in Sources */,
				D819A612123F3CD0002150E2 /* NDVZipArchive.m in Sources */,
				D80F1477127551F200136506 /* CGPath+NDVDebuggingAdditions.m in Sources */,
				D80F14811275541700136506 /* NDVCGPathBuilder.m in Sources */,
				D80F14AA1275672600136506 /* CGPath+NDVSVGAdditions.m.rl in Sources */,
			);
			runOnlyForDeploymentPostprocessing = 0;
		};
/* End PBXSourcesBuildPhase section */

/* Begin XCBuildConfiguration section */
		1DEB921F08733DC00010E9CD /* Debug */ = {
			isa = XCBuildConfiguration;
			baseConfigurationReference = D885D94C1224EE6300F31913 /* Build-Debug.xcconfig */;
			buildSettings = {
				SDKROOT = iphoneos4.1;
			};
			name = Debug;
		};
		1DEB922008733DC00010E9CD /* Release */ = {
			isa = XCBuildConfiguration;
			baseConfigurationReference = D885D94D1224EE6300F31913 /* Build-Release.xcconfig */;
			buildSettings = {
			};
			name = Release;
		};
		1DEB922308733DC00010E9CD /* Debug */ = {
			isa = XCBuildConfiguration;
			buildSettings = {
				ARCHS = "$(ARCHS_STANDARD_32_BIT)";
				GCC_C_LANGUAGE_STANDARD = c99;
				GCC_OPTIMIZATION_LEVEL = 0;
				GCC_WARN_ABOUT_RETURN_TYPE = YES;
				GCC_WARN_UNUSED_VARIABLE = YES;
				OTHER_LDFLAGS = "-ObjC";
				PREBINDING = NO;
				SDKROOT = iphoneos4.0;
			};
			name = Debug;
		};
		1DEB922408733DC00010E9CD /* Release */ = {
			isa = XCBuildConfiguration;
			buildSettings = {
				ARCHS = "$(ARCHS_STANDARD_32_BIT)";
				GCC_C_LANGUAGE_STANDARD = c99;
				GCC_WARN_ABOUT_RETURN_TYPE = YES;
				GCC_WARN_UNUSED_VARIABLE = YES;
				OTHER_LDFLAGS = "-ObjC";
				PREBINDING = NO;
				SDKROOT = iphoneos4.0;
			};
			name = Release;
		};
/* End XCBuildConfiguration section */

/* Begin XCConfigurationList section */
		1DEB921E08733DC00010E9CD /* Build configuration list for PBXNativeTarget "NDVKit" */ = {
			isa = XCConfigurationList;
			buildConfigurations = (
				1DEB921F08733DC00010E9CD /* Debug */,
				1DEB922008733DC00010E9CD /* Release */,
			);
			defaultConfigurationIsVisible = 0;
			defaultConfigurationName = Release;
		};
		1DEB922208733DC00010E9CD /* Build configuration list for PBXProject "NDVKit" */ = {
			isa = XCConfigurationList;
			buildConfigurations = (
				1DEB922308733DC00010E9CD /* Debug */,
				1DEB922408733DC00010E9CD /* Release */,
			);
			defaultConfigurationIsVisible = 0;
			defaultConfigurationName = Release;
		};
/* End XCConfigurationList section */
	};
	rootObject = 0867D690FE84028FC02AAC07 /* Project object */;
}
