// !$*UTF8*$!
{
	archiveVersion = 1;
	classes = {
	};
	objectVersion = 45;
	objects = {

/* Begin PBXBuildFile section */
		AA747D9F0F9514B9006C5449 /* NDVKit_Prefix.pch in Headers */ = {isa = PBXBuildFile; fileRef = AA747D9E0F9514B9006C5449 /* NDVKit_Prefix.pch */; };
		D885D7BF1223A7D300F31913 /* NSDate+NDVCalendarAdditions.h in Headers */ = {isa = PBXBuildFile; fileRef = D885D7BD1223A7D300F31913 /* NSDate+NDVCalendarAdditions.h */; };
		D885D7C01223A7D300F31913 /* NSDate+NDVCalendarAdditions.m in Sources */ = {isa = PBXBuildFile; fileRef = D885D7BE1223A7D300F31913 /* NSDate+NDVCalendarAdditions.m */; };
		D885D7FC1223B0C100F31913 /* NSDateFormatter+NDVAdditions.h in Headers */ = {isa = PBXBuildFile; fileRef = D885D7FA1223B0C100F31913 /* NSDateFormatter+NDVAdditions.h */; };
		D885D7FD1223B0C100F31913 /* NSDateFormatter+NDVAdditions.m in Sources */ = {isa = PBXBuildFile; fileRef = D885D7FB1223B0C100F31913 /* NSDateFormatter+NDVAdditions.m */; };
		D885D8041223B1E200F31913 /* NSString+NDVAdditions.h in Headers */ = {isa = PBXBuildFile; fileRef = D885D8021223B1E200F31913 /* NSString+NDVAdditions.h */; };
		D885D8051223B1E200F31913 /* NSString+NDVAdditions.m in Sources */ = {isa = PBXBuildFile; fileRef = D885D8031223B1E200F31913 /* NSString+NDVAdditions.m */; };
		D885D8161223B55400F31913 /* NSObject+NDVPropertyAdditions.h in Headers */ = {isa = PBXBuildFile; fileRef = D885D8141223B55400F31913 /* NSObject+NDVPropertyAdditions.h */; };
		D885D8171223B55400F31913 /* NSObject+NDVPropertyAdditions.m in Sources */ = {isa = PBXBuildFile; fileRef = D885D8151223B55400F31913 /* NSObject+NDVPropertyAdditions.m */; };
		D885D8221223B72700F31913 /* UIImage+NDVAdditions.h in Headers */ = {isa = PBXBuildFile; fileRef = D885D8201223B72700F31913 /* UIImage+NDVAdditions.h */; };
		D885D8231223B72700F31913 /* UIImage+NDVAdditions.m in Sources */ = {isa = PBXBuildFile; fileRef = D885D8211223B72700F31913 /* UIImage+NDVAdditions.m */; };
		D885D82C1223BC6C00F31913 /* NDVCategories.h in Headers */ = {isa = PBXBuildFile; fileRef = D885D82B1223BC6C00F31913 /* NDVCategories.h */; };
		D885D8301223BCBA00F31913 /* NDVKit.h in Headers */ = {isa = PBXBuildFile; fileRef = D885D82F1223BCBA00F31913 /* NDVKit.h */; };
		D885DA491224FAD000F31913 /* UINavigationController+NDVAdditions.h in Headers */ = {isa = PBXBuildFile; fileRef = D885DA471224FAD000F31913 /* UINavigationController+NDVAdditions.h */; };
		D885DA4A1224FAD000F31913 /* UINavigationController+NDVAdditions.m in Sources */ = {isa = PBXBuildFile; fileRef = D885DA481224FAD000F31913 /* UINavigationController+NDVAdditions.m */; };
		D885DA611224FC6400F31913 /* UIView+NDVAdditions.h in Headers */ = {isa = PBXBuildFile; fileRef = D885DA5F1224FC6400F31913 /* UIView+NDVAdditions.h */; };
		D885DA621224FC6400F31913 /* UIView+NDVAdditions.m in Sources */ = {isa = PBXBuildFile; fileRef = D885DA601224FC6400F31913 /* UIView+NDVAdditions.m */; };
		D885DA701224FE9600F31913 /* NDVSynthesizeSingleton.h in Headers */ = {isa = PBXBuildFile; fileRef = D885DA6F1224FE9600F31913 /* NDVSynthesizeSingleton.h */; };
		D885DA741225014300F31913 /* NDVSynthesizeKVOHelpers.h in Headers */ = {isa = PBXBuildFile; fileRef = D885DA731225014300F31913 /* NDVSynthesizeKVOHelpers.h */; };
		D885DA7C1225027600F31913 /* NDVDebuggingMacros.h in Headers */ = {isa = PBXBuildFile; fileRef = D885DA7B1225027600F31913 /* NDVDebuggingMacros.h */; };
/* End PBXBuildFile section */

/* Begin PBXFileReference section */
		AA747D9E0F9514B9006C5449 /* NDVKit_Prefix.pch */ = {isa = PBXFileReference; fileEncoding = 4; lastKnownFileType = sourcecode.c.h; path = NDVKit_Prefix.pch; sourceTree = SOURCE_ROOT; };
		D2AAC07E0554694100DB518D /* libNDVKit.a */ = {isa = PBXFileReference; explicitFileType = archive.ar; includeInIndex = 0; path = libNDVKit.a; sourceTree = BUILT_PRODUCTS_DIR; };
		D885D7BD1223A7D300F31913 /* NSDate+NDVCalendarAdditions.h */ = {isa = PBXFileReference; fileEncoding = 4; lastKnownFileType = sourcecode.c.h; path = "NSDate+NDVCalendarAdditions.h"; sourceTree = "<group>"; };
		D885D7BE1223A7D300F31913 /* NSDate+NDVCalendarAdditions.m */ = {isa = PBXFileReference; fileEncoding = 4; lastKnownFileType = sourcecode.c.objc; path = "NSDate+NDVCalendarAdditions.m"; sourceTree = "<group>"; };
		D885D7FA1223B0C100F31913 /* NSDateFormatter+NDVAdditions.h */ = {isa = PBXFileReference; fileEncoding = 4; lastKnownFileType = sourcecode.c.h; path = "NSDateFormatter+NDVAdditions.h"; sourceTree = "<group>"; };
		D885D7FB1223B0C100F31913 /* NSDateFormatter+NDVAdditions.m */ = {isa = PBXFileReference; fileEncoding = 4; lastKnownFileType = sourcecode.c.objc; path = "NSDateFormatter+NDVAdditions.m"; sourceTree = "<group>"; };
		D885D8021223B1E200F31913 /* NSString+NDVAdditions.h */ = {isa = PBXFileReference; fileEncoding = 4; lastKnownFileType = sourcecode.c.h; path = "NSString+NDVAdditions.h"; sourceTree = "<group>"; };
		D885D8031223B1E200F31913 /* NSString+NDVAdditions.m */ = {isa = PBXFileReference; fileEncoding = 4; lastKnownFileType = sourcecode.c.objc; path = "NSString+NDVAdditions.m"; sourceTree = "<group>"; };
		D885D8141223B55400F31913 /* NSObject+NDVPropertyAdditions.h */ = {isa = PBXFileReference; fileEncoding = 4; lastKnownFileType = sourcecode.c.h; path = "NSObject+NDVPropertyAdditions.h"; sourceTree = "<group>"; };
		D885D8151223B55400F31913 /* NSObject+NDVPropertyAdditions.m */ = {isa = PBXFileReference; fileEncoding = 4; lastKnownFileType = sourcecode.c.objc; path = "NSObject+NDVPropertyAdditions.m"; sourceTree = "<group>"; };
		D885D8201223B72700F31913 /* UIImage+NDVAdditions.h */ = {isa = PBXFileReference; fileEncoding = 4; lastKnownFileType = sourcecode.c.h; path = "UIImage+NDVAdditions.h"; sourceTree = "<group>"; };
		D885D8211223B72700F31913 /* UIImage+NDVAdditions.m */ = {isa = PBXFileReference; fileEncoding = 4; lastKnownFileType = sourcecode.c.objc; path = "UIImage+NDVAdditions.m"; sourceTree = "<group>"; };
		D885D82B1223BC6C00F31913 /* NDVCategories.h */ = {isa = PBXFileReference; fileEncoding = 4; lastKnownFileType = sourcecode.c.h; path = NDVCategories.h; sourceTree = "<group>"; };
		D885D82F1223BCBA00F31913 /* NDVKit.h */ = {isa = PBXFileReference; fileEncoding = 4; lastKnownFileType = sourcecode.c.h; path = NDVKit.h; sourceTree = "<group>"; };
		D885D94C1224EE6300F31913 /* Debug.xcconfig */ = {isa = PBXFileReference; fileEncoding = 4; lastKnownFileType = text.xcconfig; path = Debug.xcconfig; sourceTree = "<group>"; };
		D885D94D1224EE6300F31913 /* Release.xcconfig */ = {isa = PBXFileReference; fileEncoding = 4; lastKnownFileType = text.xcconfig; path = Release.xcconfig; sourceTree = "<group>"; };
		D885D94E1224EE6300F31913 /* Shared.xcconfig */ = {isa = PBXFileReference; fileEncoding = 4; lastKnownFileType = text.xcconfig; path = Shared.xcconfig; sourceTree = "<group>"; };
		D885DA471224FAD000F31913 /* UINavigationController+NDVAdditions.h */ = {isa = PBXFileReference; fileEncoding = 4; lastKnownFileType = sourcecode.c.h; path = "UINavigationController+NDVAdditions.h"; sourceTree = "<group>"; };
		D885DA481224FAD000F31913 /* UINavigationController+NDVAdditions.m */ = {isa = PBXFileReference; fileEncoding = 4; lastKnownFileType = sourcecode.c.objc; path = "UINavigationController+NDVAdditions.m"; sourceTree = "<group>"; };
		D885DA5F1224FC6400F31913 /* UIView+NDVAdditions.h */ = {isa = PBXFileReference; fileEncoding = 4; lastKnownFileType = sourcecode.c.h; path = "UIView+NDVAdditions.h"; sourceTree = "<group>"; };
		D885DA601224FC6400F31913 /* UIView+NDVAdditions.m */ = {isa = PBXFileReference; fileEncoding = 4; lastKnownFileType = sourcecode.c.objc; path = "UIView+NDVAdditions.m"; sourceTree = "<group>"; };
		D885DA6F1224FE9600F31913 /* NDVSynthesizeSingleton.h */ = {isa = PBXFileReference; fileEncoding = 4; lastKnownFileType = sourcecode.c.h; path = NDVSynthesizeSingleton.h; sourceTree = "<group>"; };
		D885DA731225014300F31913 /* NDVSynthesizeKVOHelpers.h */ = {isa = PBXFileReference; fileEncoding = 4; lastKnownFileType = sourcecode.c.h; path = NDVSynthesizeKVOHelpers.h; sourceTree = "<group>"; };
		D885DA7B1225027600F31913 /* NDVDebuggingMacros.h */ = {isa = PBXFileReference; fileEncoding = 4; lastKnownFileType = sourcecode.c.h; path = NDVDebuggingMacros.h; sourceTree = "<group>"; };
/* End PBXFileReference section */

/* Begin PBXFrameworksBuildPhase section */
		D2AAC07C0554694100DB518D /* Frameworks */ = {
			isa = PBXFrameworksBuildPhase;
			buildActionMask = 2147483647;
			files = (
			);
			runOnlyForDeploymentPostprocessing = 0;
		};
/* End PBXFrameworksBuildPhase section */

/* Begin PBXGroup section */
		034768DFFF38A50411DB9C8B /* Products */ = {
			isa = PBXGroup;
			children = (
				D2AAC07E0554694100DB518D /* libNDVKit.a */,
			);
			name = Products;
			sourceTree = "<group>";
		};
		0867D691FE84028FC02AAC07 /* NDVKit */ = {
			isa = PBXGroup;
			children = (
				08FB77AEFE84172EC02AAC07 /* Classes */,
				32C88DFF0371C24200C91783 /* Other Sources */,
				034768DFFF38A50411DB9C8B /* Products */,
				D885D94B1224EE4100F31913 /* Build Configurations */,
			);
			name = NDVKit;
			sourceTree = "<group>";
		};
		08FB77AEFE84172EC02AAC07 /* Classes */ = {
			isa = PBXGroup;
			children = (
				D885D82A1223BC4700F31913 /* Categories */,
				D885D82F1223BCBA00F31913 /* NDVKit.h */,
				D885DA6F1224FE9600F31913 /* NDVSynthesizeSingleton.h */,
				D885DA731225014300F31913 /* NDVSynthesizeKVOHelpers.h */,
				D885DA7B1225027600F31913 /* NDVDebuggingMacros.h */,
			);
			path = Classes;
			sourceTree = "<group>";
		};
		32C88DFF0371C24200C91783 /* Other Sources */ = {
			isa = PBXGroup;
			children = (
				AA747D9E0F9514B9006C5449 /* NDVKit_Prefix.pch */,
			);
			name = "Other Sources";
			sourceTree = "<group>";
		};
		D885D82A1223BC4700F31913 /* Categories */ = {
			isa = PBXGroup;
			children = (
				D885D82B1223BC6C00F31913 /* NDVCategories.h */,
				D885D7BD1223A7D300F31913 /* NSDate+NDVCalendarAdditions.h */,
				D885D7BE1223A7D300F31913 /* NSDate+NDVCalendarAdditions.m */,
				D885D7FA1223B0C100F31913 /* NSDateFormatter+NDVAdditions.h */,
				D885D7FB1223B0C100F31913 /* NSDateFormatter+NDVAdditions.m */,
				D885D8141223B55400F31913 /* NSObject+NDVPropertyAdditions.h */,
				D885D8151223B55400F31913 /* NSObject+NDVPropertyAdditions.m */,
				D885D8021223B1E200F31913 /* NSString+NDVAdditions.h */,
				D885D8031223B1E200F31913 /* NSString+NDVAdditions.m */,
				D885D8201223B72700F31913 /* UIImage+NDVAdditions.h */,
				D885D8211223B72700F31913 /* UIImage+NDVAdditions.m */,
				D885DA471224FAD000F31913 /* UINavigationController+NDVAdditions.h */,
				D885DA481224FAD000F31913 /* UINavigationController+NDVAdditions.m */,
				D885DA5F1224FC6400F31913 /* UIView+NDVAdditions.h */,
				D885DA601224FC6400F31913 /* UIView+NDVAdditions.m */,
			);
			name = Categories;
			sourceTree = "<group>";
		};
		D885D94B1224EE4100F31913 /* Build Configurations */ = {
			isa = PBXGroup;
			children = (
				D885D94C1224EE6300F31913 /* Debug.xcconfig */,
				D885D94D1224EE6300F31913 /* Release.xcconfig */,
				D885D94E1224EE6300F31913 /* Shared.xcconfig */,
			);
			name = "Build Configurations";
			sourceTree = "<group>";
		};
/* End PBXGroup section */

/* Begin PBXHeadersBuildPhase section */
		D2AAC07A0554694100DB518D /* Headers */ = {
			isa = PBXHeadersBuildPhase;
			buildActionMask = 2147483647;
			files = (
				AA747D9F0F9514B9006C5449 /* NDVKit_Prefix.pch in Headers */,
				D885D7BF1223A7D300F31913 /* NSDate+NDVCalendarAdditions.h in Headers */,
				D885D7FC1223B0C100F31913 /* NSDateFormatter+NDVAdditions.h in Headers */,
				D885D8041223B1E200F31913 /* NSString+NDVAdditions.h in Headers */,
				D885D8161223B55400F31913 /* NSObject+NDVPropertyAdditions.h in Headers */,
				D885D8221223B72700F31913 /* UIImage+NDVAdditions.h in Headers */,
				D885D82C1223BC6C00F31913 /* NDVCategories.h in Headers */,
				D885D8301223BCBA00F31913 /* NDVKit.h in Headers */,
				D885DA491224FAD000F31913 /* UINavigationController+NDVAdditions.h in Headers */,
				D885DA611224FC6400F31913 /* UIView+NDVAdditions.h in Headers */,
				D885DA701224FE9600F31913 /* NDVSynthesizeSingleton.h in Headers */,
				D885DA741225014300F31913 /* NDVSynthesizeKVOHelpers.h in Headers */,
				D885DA7C1225027600F31913 /* NDVDebuggingMacros.h in Headers */,
			);
			runOnlyForDeploymentPostprocessing = 0;
		};
/* End PBXHeadersBuildPhase section */

/* Begin PBXNativeTarget section */
		D2AAC07D0554694100DB518D /* NDVKit */ = {
			isa = PBXNativeTarget;
			buildConfigurationList = 1DEB921E08733DC00010E9CD /* Build configuration list for PBXNativeTarget "NDVKit" */;
			buildPhases = (
				D2AAC07A0554694100DB518D /* Headers */,
				D2AAC07B0554694100DB518D /* Sources */,
				D2AAC07C0554694100DB518D /* Frameworks */,
			);
			buildRules = (
			);
			dependencies = (
			);
			name = NDVKit;
			productName = NDVKit;
			productReference = D2AAC07E0554694100DB518D /* libNDVKit.a */;
			productType = "com.apple.product-type.library.static";
		};
/* End PBXNativeTarget section */

/* Begin PBXProject section */
		0867D690FE84028FC02AAC07 /* Project object */ = {
			isa = PBXProject;
			buildConfigurationList = 1DEB922208733DC00010E9CD /* Build configuration list for PBXProject "NDVKit" */;
			compatibilityVersion = "Xcode 3.1";
			hasScannedForEncodings = 1;
			mainGroup = 0867D691FE84028FC02AAC07 /* NDVKit */;
			productRefGroup = 034768DFFF38A50411DB9C8B /* Products */;
			projectDirPath = "";
			projectRoot = "";
			targets = (
				D2AAC07D0554694100DB518D /* NDVKit */,
			);
		};
/* End PBXProject section */

/* Begin PBXSourcesBuildPhase section */
		D2AAC07B0554694100DB518D /* Sources */ = {
			isa = PBXSourcesBuildPhase;
			buildActionMask = 2147483647;
			files = (
				D885D7C01223A7D300F31913 /* NSDate+NDVCalendarAdditions.m in Sources */,
				D885D7FD1223B0C100F31913 /* NSDateFormatter+NDVAdditions.m in Sources */,
				D885D8051223B1E200F31913 /* NSString+NDVAdditions.m in Sources */,
				D885D8171223B55400F31913 /* NSObject+NDVPropertyAdditions.m in Sources */,
				D885D8231223B72700F31913 /* UIImage+NDVAdditions.m in Sources */,
				D885DA4A1224FAD000F31913 /* UINavigationController+NDVAdditions.m in Sources */,
				D885DA621224FC6400F31913 /* UIView+NDVAdditions.m in Sources */,
			);
			runOnlyForDeploymentPostprocessing = 0;
		};
/* End PBXSourcesBuildPhase section */

/* Begin XCBuildConfiguration section */
		1DEB921F08733DC00010E9CD /* Debug */ = {
			isa = XCBuildConfiguration;
			baseConfigurationReference = D885D94C1224EE6300F31913 /* Debug.xcconfig */;
			buildSettings = {
			};
			name = Debug;
		};
		1DEB922008733DC00010E9CD /* Release */ = {
			isa = XCBuildConfiguration;
			baseConfigurationReference = D885D94E1224EE6300F31913 /* Shared.xcconfig */;
			buildSettings = {
			};
			name = Release;
		};
		1DEB922308733DC00010E9CD /* Debug */ = {
			isa = XCBuildConfiguration;
			buildSettings = {
				ARCHS = "$(ARCHS_STANDARD_32_BIT)";
				GCC_C_LANGUAGE_STANDARD = c99;
				GCC_OPTIMIZATION_LEVEL = 0;
				GCC_WARN_ABOUT_RETURN_TYPE = YES;
				GCC_WARN_UNUSED_VARIABLE = YES;
				OTHER_LDFLAGS = "-ObjC";
				PREBINDING = NO;
				SDKROOT = iphoneos4.0;
			};
			name = Debug;
		};
		1DEB922408733DC00010E9CD /* Release */ = {
			isa = XCBuildConfiguration;
			buildSettings = {
				ARCHS = "$(ARCHS_STANDARD_32_BIT)";
				GCC_C_LANGUAGE_STANDARD = c99;
				GCC_WARN_ABOUT_RETURN_TYPE = YES;
				GCC_WARN_UNUSED_VARIABLE = YES;
				OTHER_LDFLAGS = "-ObjC";
				PREBINDING = NO;
				SDKROOT = iphoneos4.0;
			};
			name = Release;
		};
/* End XCBuildConfiguration section */

/* Begin XCConfigurationList section */
		1DEB921E08733DC00010E9CD /* Build configuration list for PBXNativeTarget "NDVKit" */ = {
			isa = XCConfigurationList;
			buildConfigurations = (
				1DEB921F08733DC00010E9CD /* Debug */,
				1DEB922008733DC00010E9CD /* Release */,
			);
			defaultConfigurationIsVisible = 0;
			defaultConfigurationName = Release;
		};
		1DEB922208733DC00010E9CD /* Build configuration list for PBXProject "NDVKit" */ = {
			isa = XCConfigurationList;
			buildConfigurations = (
				1DEB922308733DC00010E9CD /* Debug */,
				1DEB922408733DC00010E9CD /* Release */,
			);
			defaultConfigurationIsVisible = 0;
			defaultConfigurationName = Release;
		};
/* End XCConfigurationList section */
	};
	rootObject = 0867D690FE84028FC02AAC07 /* Project object */;
}
